
Microsoft Visual Studio Solution File, Format Version 12.00
# Visual Studio Version 16
VisualStudioVersion = 16.0.30114.105
MinimumVisualStudioVersion = 10.0.40219.1
Project("{2150E333-8FDC-42A3-9474-1A3956D46DE8}") = "01-application", "01-application", "{4721CBFD-517D-407D-80ED-8B9DF6D31D81}"
EndProject
Project("{FAE04EC0-301F-11D3-BF4B-00C04F79EFBC}") = "CollectiveTasksManagement.Application", "CollectiveTasksManagement.Application\CollectiveTasksManagement.Application.csproj", "{1DDA0150-05A2-4C7A-B75B-96CD42D2DABD}"
EndProject
Project("{2150E333-8FDC-42A3-9474-1A3956D46DE8}") = "03-infrastructure", "03-infrastructure", "{5934C279-4A89-409A-A8A0-B59D32D9E12E}"
EndProject
Project("{FAE04EC0-301F-11D3-BF4B-00C04F79EFBC}") = "CollectiveTasksManagement.Infrastructure", "CollectiveTasksManagement.Infrastructure\CollectiveTasksManagement.Infrastructure.csproj", "{C1B69AFC-7221-464A-86C3-34B411C1C4E2}"
EndProject
Project("{2150E333-8FDC-42A3-9474-1A3956D46DE8}") = "02-domain", "02-domain", "{4463EC85-5E04-4EE8-B4E8-6FE197874C17}"
EndProject
Project("{FAE04EC0-301F-11D3-BF4B-00C04F79EFBC}") = "CollectiveTasksManagement.Domain", "CollectiveTasksManagement.Domain\CollectiveTasksManagement.Domain.csproj", "{8041388A-E393-4C0C-800A-81E084838DC4}"
EndProject
Project("{FAE04EC0-301F-11D3-BF4B-00C04F79EFBC}") = "CollectiveTasksManagement.Infrastructure.CrossCutting", "CollectiveTasksManagement.Infrastructure.CrossCutting\CollectiveTasksManagement.Infrastructure.CrossCutting.csproj", "{F0755E96-D50B-42F6-8D33-585333FB82B5}"
EndProject
Global
	GlobalSection(SolutionConfigurationPlatforms) = preSolution
		Debug|Any CPU = Debug|Any CPU
		Release|Any CPU = Release|Any CPU
	EndGlobalSection
	GlobalSection(SolutionProperties) = preSolution
		HideSolutionNode = FALSE
	EndGlobalSection
	GlobalSection(ProjectConfigurationPlatforms) = postSolution
		{1DDA0150-05A2-4C7A-B75B-96CD42D2DABD}.Debug|Any CPU.ActiveCfg = Debug|Any CPU
		{1DDA0150-05A2-4C7A-B75B-96CD42D2DABD}.Debug|Any CPU.Build.0 = Debug|Any CPU
		{1DDA0150-05A2-4C7A-B75B-96CD42D2DABD}.Release|Any CPU.ActiveCfg = Release|Any CPU
		{1DDA0150-05A2-4C7A-B75B-96CD42D2DABD}.Release|Any CPU.Build.0 = Release|Any CPU
		{C1B69AFC-7221-464A-86C3-34B411C1C4E2}.Debug|Any CPU.ActiveCfg = Debug|Any CPU
		{C1B69AFC-7221-464A-86C3-34B411C1C4E2}.Debug|Any CPU.Build.0 = Debug|Any CPU
		{C1B69AFC-7221-464A-86C3-34B411C1C4E2}.Release|Any CPU.ActiveCfg = Release|Any CPU
		{C1B69AFC-7221-464A-86C3-34B411C1C4E2}.Release|Any CPU.Build.0 = Release|Any CPU
		{8041388A-E393-4C0C-800A-81E084838DC4}.Debug|Any CPU.ActiveCfg = Debug|Any CPU
		{8041388A-E393-4C0C-800A-81E084838DC4}.Debug|Any CPU.Build.0 = Debug|Any CPU
		{8041388A-E393-4C0C-800A-81E084838DC4}.Release|Any CPU.ActiveCfg = Release|Any CPU
		{8041388A-E393-4C0C-800A-81E084838DC4}.Release|Any CPU.Build.0 = Release|Any CPU
		{F0755E96-D50B-42F6-8D33-585333FB82B5}.Debug|Any CPU.ActiveCfg = Debug|Any CPU
		{F0755E96-D50B-42F6-8D33-585333FB82B5}.Debug|Any CPU.Build.0 = Debug|Any CPU
		{F0755E96-D50B-42F6-8D33-585333FB82B5}.Release|Any CPU.ActiveCfg = Release|Any CPU
		{F0755E96-D50B-42F6-8D33-585333FB82B5}.Release|Any CPU.Build.0 = Release|Any CPU
	EndGlobalSection
	GlobalSection(NestedProjects) = preSolution
		{1DDA0150-05A2-4C7A-B75B-96CD42D2DABD} = {4721CBFD-517D-407D-80ED-8B9DF6D31D81}
		{C1B69AFC-7221-464A-86C3-34B411C1C4E2} = {5934C279-4A89-409A-A8A0-B59D32D9E12E}
		{8041388A-E393-4C0C-800A-81E084838DC4} = {4463EC85-5E04-4EE8-B4E8-6FE197874C17}
		{F0755E96-D50B-42F6-8D33-585333FB82B5} = {5934C279-4A89-409A-A8A0-B59D32D9E12E}
	EndGlobalSection
EndGlobal
